// !$*UTF8*$!
{
	archiveVersion = 1;
	classes = {
	};
	objectVersion = 56;
	objects = {

/* Begin PBXBuildFile section */
		EB4747D42B9429CE000F0CF7 /* LICENSE in Resources */ = {isa = PBXBuildFile; fileRef = EB4747D32B9429CE000F0CF7 /* LICENSE */; };
		EB69650C2B95163A00F91660 /* SettingsTests.swift in Sources */ = {isa = PBXBuildFile; fileRef = EB69650B2B95163A00F91660 /* SettingsTests.swift */; };
		EB9B821F2B9680AF005F198D /* DateUtils.swift in Sources */ = {isa = PBXBuildFile; fileRef = EB9B821E2B9680AF005F198D /* DateUtils.swift */; };
		EB9B82202B9680AF005F198D /* DateUtils.swift in Sources */ = {isa = PBXBuildFile; fileRef = EB9B821E2B9680AF005F198D /* DateUtils.swift */; };
		EB9B82222B96B7F1005F198D /* DateUtilsTests.swift in Sources */ = {isa = PBXBuildFile; fileRef = EB9B82212B96B7F1005F198D /* DateUtilsTests.swift */; };
		EB9E62772B91965B00C49EAF /* PhotoshootImportApp.swift in Sources */ = {isa = PBXBuildFile; fileRef = EB9E62762B91965B00C49EAF /* PhotoshootImportApp.swift */; };
		EB9E62792B91965B00C49EAF /* ImportPhotoshootView.swift in Sources */ = {isa = PBXBuildFile; fileRef = EB9E62782B91965B00C49EAF /* ImportPhotoshootView.swift */; };
		EB9E627B2B91965D00C49EAF /* Assets.xcassets in Resources */ = {isa = PBXBuildFile; fileRef = EB9E627A2B91965D00C49EAF /* Assets.xcassets */; };
		EB9E627E2B91965D00C49EAF /* Preview Assets.xcassets in Resources */ = {isa = PBXBuildFile; fileRef = EB9E627D2B91965D00C49EAF /* Preview Assets.xcassets */; };
		EB9E62892B91965D00C49EAF /* PhotoshootImportTests.swift in Sources */ = {isa = PBXBuildFile; fileRef = EB9E62882B91965D00C49EAF /* PhotoshootImportTests.swift */; };
		EBABE2222B9232FF00514928 /* FileUtils.swift in Sources */ = {isa = PBXBuildFile; fileRef = EBABE2212B9232FF00514928 /* FileUtils.swift */; };
		EBABE2252B92332900514928 /* ComposableArchitecture in Frameworks */ = {isa = PBXBuildFile; productRef = EBABE2242B92332900514928 /* ComposableArchitecture */; };
		EBABE2272B9238A400514928 /* ExifTool.swift in Sources */ = {isa = PBXBuildFile; fileRef = EBABE2262B9238A400514928 /* ExifTool.swift */; };
		EBABE22A2B9238BC00514928 /* ExifTool in Frameworks */ = {isa = PBXBuildFile; productRef = EBABE2292B9238BC00514928 /* ExifTool */; };
		EBABE22D2B9245C200514928 /* SettingsView.swift in Sources */ = {isa = PBXBuildFile; fileRef = EBABE22C2B9245C200514928 /* SettingsView.swift */; };
		EBABE2302B92472200514928 /* Settings.swift in Sources */ = {isa = PBXBuildFile; fileRef = EBABE22F2B92472200514928 /* Settings.swift */; };
		EBABE2332B92549E00514928 /* ImportPhotoshoot.swift in Sources */ = {isa = PBXBuildFile; fileRef = EBABE2322B92549E00514928 /* ImportPhotoshoot.swift */; };
		EBABE2352B926A9400514928 /* FormatParser.swift in Sources */ = {isa = PBXBuildFile; fileRef = EBABE2342B926A9400514928 /* FormatParser.swift */; };
		EBABE2362B9270DC00514928 /* FormatParser.swift in Sources */ = {isa = PBXBuildFile; fileRef = EBABE2342B926A9400514928 /* FormatParser.swift */; };
		EBABE2372B9270E300514928 /* ImportPhotoshoot.swift in Sources */ = {isa = PBXBuildFile; fileRef = EBABE2322B92549E00514928 /* ImportPhotoshoot.swift */; };
		EBABE2382B9270E600514928 /* Settings.swift in Sources */ = {isa = PBXBuildFile; fileRef = EBABE22F2B92472200514928 /* Settings.swift */; };
		EBABE2392B9270EE00514928 /* FileUtils.swift in Sources */ = {isa = PBXBuildFile; fileRef = EBABE2212B9232FF00514928 /* FileUtils.swift */; };
		EBABE23A2B9270F100514928 /* ExifTool.swift in Sources */ = {isa = PBXBuildFile; fileRef = EBABE2262B9238A400514928 /* ExifTool.swift */; };
		EBABE23E2B93DF8A00514928 /* FormatParserTests.swift in Sources */ = {isa = PBXBuildFile; fileRef = EBABE23D2B93DF8A00514928 /* FormatParserTests.swift */; };
/* End PBXBuildFile section */

/* Begin PBXContainerItemProxy section */
		EBABE23F2B93E6E900514928 /* PBXContainerItemProxy */ = {
			isa = PBXContainerItemProxy;
			containerPortal = EB9E626B2B91965B00C49EAF /* Project object */;
			proxyType = 1;
			remoteGlobalIDString = EB9E62722B91965B00C49EAF;
			remoteInfo = "Photoshoot Import";
		};
/* End PBXContainerItemProxy section */

/* Begin PBXFileReference section */
		EB4747D32B9429CE000F0CF7 /* LICENSE */ = {isa = PBXFileReference; lastKnownFileType = text; path = LICENSE; sourceTree = "<group>"; };
		EB69650A2B950A6000F91660 /* README.md */ = {isa = PBXFileReference; lastKnownFileType = net.daringfireball.markdown; path = README.md; sourceTree = "<group>"; };
		EB69650B2B95163A00F91660 /* SettingsTests.swift */ = {isa = PBXFileReference; lastKnownFileType = sourcecode.swift; path = SettingsTests.swift; sourceTree = "<group>"; };
		EB9B821E2B9680AF005F198D /* DateUtils.swift */ = {isa = PBXFileReference; fileEncoding = 4; lastKnownFileType = sourcecode.swift; path = DateUtils.swift; sourceTree = "<group>"; };
		EB9B82212B96B7F1005F198D /* DateUtilsTests.swift */ = {isa = PBXFileReference; lastKnownFileType = sourcecode.swift; path = DateUtilsTests.swift; sourceTree = "<group>"; };
		EB9E62732B91965B00C49EAF /* PhotoshootImport.app */ = {isa = PBXFileReference; explicitFileType = wrapper.application; includeInIndex = 0; path = PhotoshootImport.app; sourceTree = BUILT_PRODUCTS_DIR; };
		EB9E62762B91965B00C49EAF /* PhotoshootImportApp.swift */ = {isa = PBXFileReference; lastKnownFileType = sourcecode.swift; path = PhotoshootImportApp.swift; sourceTree = "<group>"; };
		EB9E62782B91965B00C49EAF /* ImportPhotoshootView.swift */ = {isa = PBXFileReference; lastKnownFileType = sourcecode.swift; path = ImportPhotoshootView.swift; sourceTree = "<group>"; };
		EB9E627A2B91965D00C49EAF /* Assets.xcassets */ = {isa = PBXFileReference; lastKnownFileType = folder.assetcatalog; path = Assets.xcassets; sourceTree = "<group>"; };
		EB9E627D2B91965D00C49EAF /* Preview Assets.xcassets */ = {isa = PBXFileReference; lastKnownFileType = folder.assetcatalog; path = "Preview Assets.xcassets"; sourceTree = "<group>"; };
		EB9E62842B91965D00C49EAF /* PhotoshootImportTests.xctest */ = {isa = PBXFileReference; explicitFileType = wrapper.cfbundle; includeInIndex = 0; path = PhotoshootImportTests.xctest; sourceTree = BUILT_PRODUCTS_DIR; };
		EB9E62882B91965D00C49EAF /* PhotoshootImportTests.swift */ = {isa = PBXFileReference; lastKnownFileType = sourcecode.swift; path = PhotoshootImportTests.swift; sourceTree = "<group>"; };
		EBABE2212B9232FF00514928 /* FileUtils.swift */ = {isa = PBXFileReference; lastKnownFileType = sourcecode.swift; path = FileUtils.swift; sourceTree = "<group>"; };
		EBABE2262B9238A400514928 /* ExifTool.swift */ = {isa = PBXFileReference; lastKnownFileType = sourcecode.swift; path = ExifTool.swift; sourceTree = "<group>"; };
		EBABE22C2B9245C200514928 /* SettingsView.swift */ = {isa = PBXFileReference; lastKnownFileType = sourcecode.swift; path = SettingsView.swift; sourceTree = "<group>"; };
		EBABE22F2B92472200514928 /* Settings.swift */ = {isa = PBXFileReference; lastKnownFileType = sourcecode.swift; path = Settings.swift; sourceTree = "<group>"; };
		EBABE2322B92549E00514928 /* ImportPhotoshoot.swift */ = {isa = PBXFileReference; lastKnownFileType = sourcecode.swift; path = ImportPhotoshoot.swift; sourceTree = "<group>"; };
		EBABE2342B926A9400514928 /* FormatParser.swift */ = {isa = PBXFileReference; lastKnownFileType = sourcecode.swift; path = FormatParser.swift; sourceTree = "<group>"; };
		EBABE23C2B92731C00514928 /* PhotoshootImport.entitlements */ = {isa = PBXFileReference; lastKnownFileType = text.plist.entitlements; path = PhotoshootImport.entitlements; sourceTree = "<group>"; };
		EBABE23D2B93DF8A00514928 /* FormatParserTests.swift */ = {isa = PBXFileReference; lastKnownFileType = sourcecode.swift; path = FormatParserTests.swift; sourceTree = "<group>"; };
/* End PBXFileReference section */

/* Begin PBXFrameworksBuildPhase section */
		EB9E62702B91965B00C49EAF /* Frameworks */ = {
			isa = PBXFrameworksBuildPhase;
			buildActionMask = 2147483647;
			files = (
				EBABE22A2B9238BC00514928 /* ExifTool in Frameworks */,
				EBABE2252B92332900514928 /* ComposableArchitecture in Frameworks */,
			);
			runOnlyForDeploymentPostprocessing = 0;
		};
		EB9E62812B91965D00C49EAF /* Frameworks */ = {
			isa = PBXFrameworksBuildPhase;
			buildActionMask = 2147483647;
			files = (
			);
			runOnlyForDeploymentPostprocessing = 0;
		};
/* End PBXFrameworksBuildPhase section */

/* Begin PBXGroup section */
		EB9E626A2B91965B00C49EAF = {
			isa = PBXGroup;
			children = (
				EBABE2312B92548B00514928 /* ImportPhotoshoot */,
				EBABE22E2B92471300514928 /* Settings */,
				EBABE2202B9232DD00514928 /* Utils */,
				EB9E62752B91965B00C49EAF /* PhotoshootImport */,
				EB9E62872B91965D00C49EAF /* PhotoshootImportTests */,
				EB69650A2B950A6000F91660 /* README.md */,
				EB4747D32B9429CE000F0CF7 /* LICENSE */,
				EB9E62742B91965B00C49EAF /* Products */,
			);
			sourceTree = "<group>";
		};
		EB9E62742B91965B00C49EAF /* Products */ = {
			isa = PBXGroup;
			children = (
				EB9E62732B91965B00C49EAF /* PhotoshootImport.app */,
				EB9E62842B91965D00C49EAF /* PhotoshootImportTests.xctest */,
			);
			name = Products;
			sourceTree = "<group>";
		};
		EB9E62752B91965B00C49EAF /* PhotoshootImport */ = {
			isa = PBXGroup;
			children = (
				EB9E62762B91965B00C49EAF /* PhotoshootImportApp.swift */,
				EB9E627A2B91965D00C49EAF /* Assets.xcassets */,
				EBABE23C2B92731C00514928 /* PhotoshootImport.entitlements */,
				EB9E627C2B91965D00C49EAF /* Preview Content */,
			);
			path = PhotoshootImport;
			sourceTree = "<group>";
		};
		EB9E627C2B91965D00C49EAF /* Preview Content */ = {
			isa = PBXGroup;
			children = (
				EB9E627D2B91965D00C49EAF /* Preview Assets.xcassets */,
			);
			path = "Preview Content";
			sourceTree = "<group>";
		};
		EB9E62872B91965D00C49EAF /* PhotoshootImportTests */ = {
			isa = PBXGroup;
			children = (
				EB9B82212B96B7F1005F198D /* DateUtilsTests.swift */,
				EBABE23D2B93DF8A00514928 /* FormatParserTests.swift */,
				EB9E62882B91965D00C49EAF /* PhotoshootImportTests.swift */,
				EB69650B2B95163A00F91660 /* SettingsTests.swift */,
			);
			path = PhotoshootImportTests;
			sourceTree = "<group>";
		};
		EBABE2202B9232DD00514928 /* Utils */ = {
			isa = PBXGroup;
			children = (
				EB9B821E2B9680AF005F198D /* DateUtils.swift */,
				EBABE2212B9232FF00514928 /* FileUtils.swift */,
				EBABE2262B9238A400514928 /* ExifTool.swift */,
				EBABE2342B926A9400514928 /* FormatParser.swift */,
			);
			path = Utils;
			sourceTree = "<group>";
		};
		EBABE22E2B92471300514928 /* Settings */ = {
			isa = PBXGroup;
			children = (
				EBABE22F2B92472200514928 /* Settings.swift */,
				EBABE22C2B9245C200514928 /* SettingsView.swift */,
			);
			path = Settings;
			sourceTree = "<group>";
		};
		EBABE2312B92548B00514928 /* ImportPhotoshoot */ = {
			isa = PBXGroup;
			children = (
				EBABE2322B92549E00514928 /* ImportPhotoshoot.swift */,
				EB9E62782B91965B00C49EAF /* ImportPhotoshootView.swift */,
			);
			path = ImportPhotoshoot;
			sourceTree = "<group>";
		};
/* End PBXGroup section */

/* Begin PBXNativeTarget section */
		EB9E62722B91965B00C49EAF /* PhotoshootImport */ = {
			isa = PBXNativeTarget;
			buildConfigurationList = EB9E62982B91965D00C49EAF /* Build configuration list for PBXNativeTarget "PhotoshootImport" */;
			buildPhases = (
				EB9E626F2B91965B00C49EAF /* Sources */,
				EB9E62702B91965B00C49EAF /* Frameworks */,
				EB9E62712B91965B00C49EAF /* Resources */,
			);
			buildRules = (
			);
			dependencies = (
			);
			name = PhotoshootImport;
			packageProductDependencies = (
				EBABE2242B92332900514928 /* ComposableArchitecture */,
				EBABE2292B9238BC00514928 /* ExifTool */,
			);
			productName = "Photoshoot Import";
			productReference = EB9E62732B91965B00C49EAF /* PhotoshootImport.app */;
			productType = "com.apple.product-type.application";
		};
		EB9E62832B91965D00C49EAF /* PhotoshootImportTests */ = {
			isa = PBXNativeTarget;
			buildConfigurationList = EB9E629B2B91965D00C49EAF /* Build configuration list for PBXNativeTarget "PhotoshootImportTests" */;
			buildPhases = (
				EB9E62802B91965D00C49EAF /* Sources */,
				EB9E62812B91965D00C49EAF /* Frameworks */,
				EB9E62822B91965D00C49EAF /* Resources */,
			);
			buildRules = (
			);
			dependencies = (
				EBABE2402B93E6E900514928 /* PBXTargetDependency */,
			);
			name = PhotoshootImportTests;
			productName = "Photoshoot ImportTests";
			productReference = EB9E62842B91965D00C49EAF /* PhotoshootImportTests.xctest */;
			productType = "com.apple.product-type.bundle.unit-test";
		};
/* End PBXNativeTarget section */

/* Begin PBXProject section */
		EB9E626B2B91965B00C49EAF /* Project object */ = {
			isa = PBXProject;
			attributes = {
				BuildIndependentTargetsInParallel = 1;
				LastSwiftUpdateCheck = 1520;
				LastUpgradeCheck = 1520;
				TargetAttributes = {
					EB9E62722B91965B00C49EAF = {
						CreatedOnToolsVersion = 15.2;
					};
					EB9E62832B91965D00C49EAF = {
						CreatedOnToolsVersion = 15.2;
						TestTargetID = EB9E62722B91965B00C49EAF;
					};
				};
			};
			buildConfigurationList = EB9E626E2B91965B00C49EAF /* Build configuration list for PBXProject "PhotoshootImport" */;
			compatibilityVersion = "Xcode 14.0";
			developmentRegion = en;
			hasScannedForEncodings = 0;
			knownRegions = (
				en,
				Base,
			);
			mainGroup = EB9E626A2B91965B00C49EAF;
			packageReferences = (
				EBABE2232B92332900514928 /* XCRemoteSwiftPackageReference "swift-composable-architecture" */,
				EBABE2282B9238BC00514928 /* XCRemoteSwiftPackageReference "ExifTool" */,
			);
			productRefGroup = EB9E62742B91965B00C49EAF /* Products */;
			projectDirPath = "";
			projectRoot = "";
			targets = (
				EB9E62722B91965B00C49EAF /* PhotoshootImport */,
				EB9E62832B91965D00C49EAF /* PhotoshootImportTests */,
			);
		};
/* End PBXProject section */

/* Begin PBXResourcesBuildPhase section */
		EB9E62712B91965B00C49EAF /* Resources */ = {
			isa = PBXResourcesBuildPhase;
			buildActionMask = 2147483647;
			files = (
				EB4747D42B9429CE000F0CF7 /* LICENSE in Resources */,
				EB9E627E2B91965D00C49EAF /* Preview Assets.xcassets in Resources */,
				EB9E627B2B91965D00C49EAF /* Assets.xcassets in Resources */,
			);
			runOnlyForDeploymentPostprocessing = 0;
		};
		EB9E62822B91965D00C49EAF /* Resources */ = {
			isa = PBXResourcesBuildPhase;
			buildActionMask = 2147483647;
			files = (
			);
			runOnlyForDeploymentPostprocessing = 0;
		};
/* End PBXResourcesBuildPhase section */

/* Begin PBXSourcesBuildPhase section */
		EB9E626F2B91965B00C49EAF /* Sources */ = {
			isa = PBXSourcesBuildPhase;
			buildActionMask = 2147483647;
			files = (
				EBABE2352B926A9400514928 /* FormatParser.swift in Sources */,
				EBABE2302B92472200514928 /* Settings.swift in Sources */,
				EBABE22D2B9245C200514928 /* SettingsView.swift in Sources */,
				EBABE2272B9238A400514928 /* ExifTool.swift in Sources */,
				EB9B821F2B9680AF005F198D /* DateUtils.swift in Sources */,
				EB9E62792B91965B00C49EAF /* ImportPhotoshootView.swift in Sources */,
				EB9E62772B91965B00C49EAF /* PhotoshootImportApp.swift in Sources */,
				EBABE2222B9232FF00514928 /* FileUtils.swift in Sources */,
				EBABE2332B92549E00514928 /* ImportPhotoshoot.swift in Sources */,
			);
			runOnlyForDeploymentPostprocessing = 0;
		};
		EB9E62802B91965D00C49EAF /* Sources */ = {
			isa = PBXSourcesBuildPhase;
			buildActionMask = 2147483647;
			files = (
				EBABE23E2B93DF8A00514928 /* FormatParserTests.swift in Sources */,
				EB9B82222B96B7F1005F198D /* DateUtilsTests.swift in Sources */,
				EBABE2362B9270DC00514928 /* FormatParser.swift in Sources */,
				EB69650C2B95163A00F91660 /* SettingsTests.swift in Sources */,
				EBABE2372B9270E300514928 /* ImportPhotoshoot.swift in Sources */,
				EB9B82202B9680AF005F198D /* DateUtils.swift in Sources */,
				EBABE23A2B9270F100514928 /* ExifTool.swift in Sources */,
				EBABE2382B9270E600514928 /* Settings.swift in Sources */,
				EB9E62892B91965D00C49EAF /* PhotoshootImportTests.swift in Sources */,
				EBABE2392B9270EE00514928 /* FileUtils.swift in Sources */,
			);
			runOnlyForDeploymentPostprocessing = 0;
		};
/* End PBXSourcesBuildPhase section */

/* Begin PBXTargetDependency section */
		EBABE2402B93E6E900514928 /* PBXTargetDependency */ = {
			isa = PBXTargetDependency;
			target = EB9E62722B91965B00C49EAF /* PhotoshootImport */;
			targetProxy = EBABE23F2B93E6E900514928 /* PBXContainerItemProxy */;
		};
/* End PBXTargetDependency section */

/* Begin XCBuildConfiguration section */
		EB9E62962B91965D00C49EAF /* Debug */ = {
			isa = XCBuildConfiguration;
			buildSettings = {
				ALWAYS_SEARCH_USER_PATHS = NO;
				ASSETCATALOG_COMPILER_GENERATE_SWIFT_ASSET_SYMBOL_EXTENSIONS = YES;
				CLANG_ANALYZER_NONNULL = YES;
				CLANG_ANALYZER_NUMBER_OBJECT_CONVERSION = YES_AGGRESSIVE;
				CLANG_CXX_LANGUAGE_STANDARD = "gnu++20";
				CLANG_ENABLE_MODULES = YES;
				CLANG_ENABLE_OBJC_ARC = YES;
				CLANG_ENABLE_OBJC_WEAK = YES;
				CLANG_WARN_BLOCK_CAPTURE_AUTORELEASING = YES;
				CLANG_WARN_BOOL_CONVERSION = YES;
				CLANG_WARN_COMMA = YES;
				CLANG_WARN_CONSTANT_CONVERSION = YES;
				CLANG_WARN_DEPRECATED_OBJC_IMPLEMENTATIONS = YES;
				CLANG_WARN_DIRECT_OBJC_ISA_USAGE = YES_ERROR;
				CLANG_WARN_DOCUMENTATION_COMMENTS = YES;
				CLANG_WARN_EMPTY_BODY = YES;
				CLANG_WARN_ENUM_CONVERSION = YES;
				CLANG_WARN_INFINITE_RECURSION = YES;
				CLANG_WARN_INT_CONVERSION = YES;
				CLANG_WARN_NON_LITERAL_NULL_CONVERSION = YES;
				CLANG_WARN_OBJC_IMPLICIT_RETAIN_SELF = YES;
				CLANG_WARN_OBJC_LITERAL_CONVERSION = YES;
				CLANG_WARN_OBJC_ROOT_CLASS = YES_ERROR;
				CLANG_WARN_QUOTED_INCLUDE_IN_FRAMEWORK_HEADER = YES;
				CLANG_WARN_RANGE_LOOP_ANALYSIS = YES;
				CLANG_WARN_STRICT_PROTOTYPES = YES;
				CLANG_WARN_SUSPICIOUS_MOVE = YES;
				CLANG_WARN_UNGUARDED_AVAILABILITY = YES_AGGRESSIVE;
				CLANG_WARN_UNREACHABLE_CODE = YES;
				CLANG_WARN__DUPLICATE_METHOD_MATCH = YES;
				COPY_PHASE_STRIP = NO;
				DEBUG_INFORMATION_FORMAT = dwarf;
				ENABLE_STRICT_OBJC_MSGSEND = YES;
				ENABLE_TESTABILITY = YES;
				ENABLE_USER_SCRIPT_SANDBOXING = YES;
				GCC_C_LANGUAGE_STANDARD = gnu17;
				GCC_DYNAMIC_NO_PIC = NO;
				GCC_NO_COMMON_BLOCKS = YES;
				GCC_OPTIMIZATION_LEVEL = 0;
				GCC_PREPROCESSOR_DEFINITIONS = (
					"DEBUG=1",
					"$(inherited)",
				);
				GCC_WARN_64_TO_32_BIT_CONVERSION = YES;
				GCC_WARN_ABOUT_RETURN_TYPE = YES_ERROR;
				GCC_WARN_UNDECLARED_SELECTOR = YES;
				GCC_WARN_UNINITIALIZED_AUTOS = YES_AGGRESSIVE;
				GCC_WARN_UNUSED_FUNCTION = YES;
				GCC_WARN_UNUSED_VARIABLE = YES;
				LOCALIZATION_PREFERS_STRING_CATALOGS = YES;
				MACOSX_DEPLOYMENT_TARGET = 14.2;
				MTL_ENABLE_DEBUG_INFO = INCLUDE_SOURCE;
				MTL_FAST_MATH = YES;
				ONLY_ACTIVE_ARCH = YES;
				SDKROOT = macosx;
				SWIFT_ACTIVE_COMPILATION_CONDITIONS = "DEBUG $(inherited)";
				SWIFT_OPTIMIZATION_LEVEL = "-Onone";
			};
			name = Debug;
		};
		EB9E62972B91965D00C49EAF /* Release */ = {
			isa = XCBuildConfiguration;
			buildSettings = {
				ALWAYS_SEARCH_USER_PATHS = NO;
				ASSETCATALOG_COMPILER_GENERATE_SWIFT_ASSET_SYMBOL_EXTENSIONS = YES;
				CLANG_ANALYZER_NONNULL = YES;
				CLANG_ANALYZER_NUMBER_OBJECT_CONVERSION = YES_AGGRESSIVE;
				CLANG_CXX_LANGUAGE_STANDARD = "gnu++20";
				CLANG_ENABLE_MODULES = YES;
				CLANG_ENABLE_OBJC_ARC = YES;
				CLANG_ENABLE_OBJC_WEAK = YES;
				CLANG_WARN_BLOCK_CAPTURE_AUTORELEASING = YES;
				CLANG_WARN_BOOL_CONVERSION = YES;
				CLANG_WARN_COMMA = YES;
				CLANG_WARN_CONSTANT_CONVERSION = YES;
				CLANG_WARN_DEPRECATED_OBJC_IMPLEMENTATIONS = YES;
				CLANG_WARN_DIRECT_OBJC_ISA_USAGE = YES_ERROR;
				CLANG_WARN_DOCUMENTATION_COMMENTS = YES;
				CLANG_WARN_EMPTY_BODY = YES;
				CLANG_WARN_ENUM_CONVERSION = YES;
				CLANG_WARN_INFINITE_RECURSION = YES;
				CLANG_WARN_INT_CONVERSION = YES;
				CLANG_WARN_NON_LITERAL_NULL_CONVERSION = YES;
				CLANG_WARN_OBJC_IMPLICIT_RETAIN_SELF = YES;
				CLANG_WARN_OBJC_LITERAL_CONVERSION = YES;
				CLANG_WARN_OBJC_ROOT_CLASS = YES_ERROR;
				CLANG_WARN_QUOTED_INCLUDE_IN_FRAMEWORK_HEADER = YES;
				CLANG_WARN_RANGE_LOOP_ANALYSIS = YES;
				CLANG_WARN_STRICT_PROTOTYPES = YES;
				CLANG_WARN_SUSPICIOUS_MOVE = YES;
				CLANG_WARN_UNGUARDED_AVAILABILITY = YES_AGGRESSIVE;
				CLANG_WARN_UNREACHABLE_CODE = YES;
				CLANG_WARN__DUPLICATE_METHOD_MATCH = YES;
				COPY_PHASE_STRIP = NO;
				DEBUG_INFORMATION_FORMAT = "dwarf-with-dsym";
				ENABLE_NS_ASSERTIONS = NO;
				ENABLE_STRICT_OBJC_MSGSEND = YES;
				ENABLE_USER_SCRIPT_SANDBOXING = YES;
				GCC_C_LANGUAGE_STANDARD = gnu17;
				GCC_NO_COMMON_BLOCKS = YES;
				GCC_WARN_64_TO_32_BIT_CONVERSION = YES;
				GCC_WARN_ABOUT_RETURN_TYPE = YES_ERROR;
				GCC_WARN_UNDECLARED_SELECTOR = YES;
				GCC_WARN_UNINITIALIZED_AUTOS = YES_AGGRESSIVE;
				GCC_WARN_UNUSED_FUNCTION = YES;
				GCC_WARN_UNUSED_VARIABLE = YES;
				LOCALIZATION_PREFERS_STRING_CATALOGS = YES;
				MACOSX_DEPLOYMENT_TARGET = 14.2;
				MTL_ENABLE_DEBUG_INFO = NO;
				MTL_FAST_MATH = YES;
				SDKROOT = macosx;
				SWIFT_COMPILATION_MODE = wholemodule;
			};
			name = Release;
		};
		EB9E62992B91965D00C49EAF /* Debug */ = {
			isa = XCBuildConfiguration;
			buildSettings = {
				ASSETCATALOG_COMPILER_APPICON_NAME = AppIcon;
				ASSETCATALOG_COMPILER_GLOBAL_ACCENT_COLOR_NAME = AccentColor;
				CODE_SIGN_ENTITLEMENTS = PhotoshootImport/PhotoshootImport.entitlements;
				"CODE_SIGN_IDENTITY[sdk=macosx*]" = "Apple Development";
				CODE_SIGN_STYLE = Automatic;
				COMBINE_HIDPI_IMAGES = YES;
				CURRENT_PROJECT_VERSION = 1;
				DEVELOPMENT_ASSET_PATHS = "\"PhotoshootImport/Preview Content\"";
				DEVELOPMENT_TEAM = A2M8QX7ZCM;
				ENABLE_HARDENED_RUNTIME = NO;
				ENABLE_PREVIEWS = YES;
				GENERATE_INFOPLIST_FILE = YES;
				INFOPLIST_KEY_CFBundleDisplayName = "Photoshoot Import";
				INFOPLIST_KEY_LSApplicationCategoryType = "public.app-category.photography";
				INFOPLIST_KEY_NSHumanReadableCopyright = "Copyright © 2024 Clément Mangin";
				LD_RUNPATH_SEARCH_PATHS = (
					"$(inherited)",
					"@executable_path/../Frameworks",
				);
				MARKETING_VERSION = 0.1.0;
				PRODUCT_BUNDLE_IDENTIFIER = com.clementmangin.PhotoshootImport;
				PRODUCT_NAME = "$(TARGET_NAME)";
				SWIFT_EMIT_LOC_STRINGS = YES;
				SWIFT_VERSION = 5.0;
			};
			name = Debug;
		};
		EB9E629A2B91965D00C49EAF /* Release */ = {
			isa = XCBuildConfiguration;
			buildSettings = {
				ASSETCATALOG_COMPILER_APPICON_NAME = AppIcon;
				ASSETCATALOG_COMPILER_GLOBAL_ACCENT_COLOR_NAME = AccentColor;
				CODE_SIGN_ENTITLEMENTS = PhotoshootImport/PhotoshootImport.entitlements;
				"CODE_SIGN_IDENTITY[sdk=macosx*]" = "Apple Development";
				CODE_SIGN_STYLE = Automatic;
				COMBINE_HIDPI_IMAGES = YES;
				CURRENT_PROJECT_VERSION = 1;
				DEVELOPMENT_ASSET_PATHS = "\"PhotoshootImport/Preview Content\"";
				DEVELOPMENT_TEAM = A2M8QX7ZCM;
				ENABLE_HARDENED_RUNTIME = NO;
				ENABLE_PREVIEWS = YES;
				GENERATE_INFOPLIST_FILE = YES;
				INFOPLIST_KEY_CFBundleDisplayName = "Photoshoot Import";
				INFOPLIST_KEY_LSApplicationCategoryType = "public.app-category.photography";
				INFOPLIST_KEY_NSHumanReadableCopyright = "Copyright © 2024 Clément Mangin";
				LD_RUNPATH_SEARCH_PATHS = (
					"$(inherited)",
					"@executable_path/../Frameworks",
				);
				MARKETING_VERSION = 0.1.0;
				PRODUCT_BUNDLE_IDENTIFIER = com.clementmangin.PhotoshootImport;
				PRODUCT_NAME = "$(TARGET_NAME)";
				SWIFT_EMIT_LOC_STRINGS = YES;
				SWIFT_VERSION = 5.0;
			};
			name = Release;
		};
		EB9E629C2B91965D00C49EAF /* Debug */ = {
			isa = XCBuildConfiguration;
			buildSettings = {
				ALWAYS_EMBED_SWIFT_STANDARD_LIBRARIES = YES;
				BUNDLE_LOADER = "$(TEST_HOST)";
				CODE_SIGN_STYLE = Automatic;
				CURRENT_PROJECT_VERSION = 1;
				DEVELOPMENT_TEAM = A2M8QX7ZCM;
				GENERATE_INFOPLIST_FILE = YES;
				MACOSX_DEPLOYMENT_TARGET = 14.2;
				MARKETING_VERSION = 1.0;
				PRODUCT_BUNDLE_IDENTIFIER = "com.clementmangin.PhotoshootImport.Photoshoot-ImportTests";
				PRODUCT_NAME = "$(TARGET_NAME)";
				SWIFT_EMIT_LOC_STRINGS = NO;
				SWIFT_VERSION = 5.0;
				TEST_HOST = "$(BUILT_PRODUCTS_DIR)/PhotoshootImport.app/$(BUNDLE_EXECUTABLE_FOLDER_PATH)/PhotoshootImport";
			};
			name = Debug;
		};
		EB9E629D2B91965D00C49EAF /* Release */ = {
			isa = XCBuildConfiguration;
			buildSettings = {
				ALWAYS_EMBED_SWIFT_STANDARD_LIBRARIES = YES;
				BUNDLE_LOADER = "$(TEST_HOST)";
				CODE_SIGN_STYLE = Automatic;
				CURRENT_PROJECT_VERSION = 1;
				DEVELOPMENT_TEAM = A2M8QX7ZCM;
				GENERATE_INFOPLIST_FILE = YES;
				MACOSX_DEPLOYMENT_TARGET = 14.2;
				MARKETING_VERSION = 1.0;
				PRODUCT_BUNDLE_IDENTIFIER = "com.clementmangin.PhotoshootImport.Photoshoot-ImportTests";
				PRODUCT_NAME = "$(TARGET_NAME)";
				SWIFT_EMIT_LOC_STRINGS = NO;
				SWIFT_VERSION = 5.0;
				TEST_HOST = "$(BUILT_PRODUCTS_DIR)/PhotoshootImport.app/$(BUNDLE_EXECUTABLE_FOLDER_PATH)/PhotoshootImport";
			};
			name = Release;
		};
/* End XCBuildConfiguration section */

/* Begin XCConfigurationList section */
		EB9E626E2B91965B00C49EAF /* Build configuration list for PBXProject "PhotoshootImport" */ = {
			isa = XCConfigurationList;
			buildConfigurations = (
				EB9E62962B91965D00C49EAF /* Debug */,
				EB9E62972B91965D00C49EAF /* Release */,
			);
			defaultConfigurationIsVisible = 0;
			defaultConfigurationName = Release;
		};
		EB9E62982B91965D00C49EAF /* Build configuration list for PBXNativeTarget "PhotoshootImport" */ = {
			isa = XCConfigurationList;
			buildConfigurations = (
				EB9E62992B91965D00C49EAF /* Debug */,
				EB9E629A2B91965D00C49EAF /* Release */,
			);
			defaultConfigurationIsVisible = 0;
			defaultConfigurationName = Release;
		};
		EB9E629B2B91965D00C49EAF /* Build configuration list for PBXNativeTarget "PhotoshootImportTests" */ = {
			isa = XCConfigurationList;
			buildConfigurations = (
				EB9E629C2B91965D00C49EAF /* Debug */,
				EB9E629D2B91965D00C49EAF /* Release */,
			);
			defaultConfigurationIsVisible = 0;
			defaultConfigurationName = Release;
		};
/* End XCConfigurationList section */

/* Begin XCRemoteSwiftPackageReference section */
		EBABE2232B92332900514928 /* XCRemoteSwiftPackageReference "swift-composable-architecture" */ = {
			isa = XCRemoteSwiftPackageReference;
			repositoryURL = "https://github.com/pointfreeco/swift-composable-architecture";
			requirement = {
				kind = upToNextMajorVersion;
				minimumVersion = 1.9.0;
			};
		};
		EBABE2282B9238BC00514928 /* XCRemoteSwiftPackageReference "ExifTool" */ = {
			isa = XCRemoteSwiftPackageReference;
			repositoryURL = "https://github.com/clementmangin/ExifTool.git";
			requirement = {
				branch = main;
				kind = branch;
			};
		};
/* End XCRemoteSwiftPackageReference section */

/* Begin XCSwiftPackageProductDependency section */
		EBABE2242B92332900514928 /* ComposableArchitecture */ = {
			isa = XCSwiftPackageProductDependency;
			package = EBABE2232B92332900514928 /* XCRemoteSwiftPackageReference "swift-composable-architecture" */;
			productName = ComposableArchitecture;
		};
		EBABE2292B9238BC00514928 /* ExifTool */ = {
			isa = XCSwiftPackageProductDependency;
			package = EBABE2282B9238BC00514928 /* XCRemoteSwiftPackageReference "ExifTool" */;
			productName = ExifTool;
		};
/* End XCSwiftPackageProductDependency section */
	};
	rootObject = EB9E626B2B91965B00C49EAF /* Project object */;
}
